
Microsoft Visual Studio Solution File, Format Version 12.00
# Visual Studio Version 16
VisualStudioVersion = 16.0.31205.134
MinimumVisualStudioVersion = 10.0.40219.1
Project("{FAE04EC0-301F-11D3-BF4B-00C04F79EFBC}") = "CollectionDemo", "CollectionDemo\CollectionDemo.csproj", "{52EE5A3C-E86A-403A-B7A0-9F63B4A40B92}"
EndProject
Global
	GlobalSection(SolutionConfigurationPlatforms) = preSolution
		Debug|Any CPU = Debug|Any CPU
		Release|Any CPU = Release|Any CPU
	EndGlobalSection
	GlobalSection(ProjectConfigurationPlatforms) = postSolution
		{52EE5A3C-E86A-403A-B7A0-9F63B4A40B92}.Debug|Any CPU.ActiveCfg = Debug|Any CPU
		{52EE5A3C-E86A-403A-B7A0-9F63B4A40B92}.Debug|Any CPU.Build.0 = Debug|Any CPU
		{52EE5A3C-E86A-403A-B7A0-9F63B4A40B92}.Release|Any CPU.ActiveCfg = Release|Any CPU
		{52EE5A3C-E86A-403A-B7A0-9F63B4A40B92}.Release|Any CPU.Build.0 = Release|Any CPU
	EndGlobalSection
	GlobalSection(SolutionProperties) = preSolution
		HideSolutionNode = FALSE
	EndGlobalSection
	GlobalSection(ExtensibilityGlobals) = postSolution
		SolutionGuid = {14C062F5-FD1E-48D2-9FFF-7A20FD173991}
	EndGlobalSection
EndGlobal
